
Microsoft Visual Studio Solution File, Format Version 12.00
# Visual Studio Version 16
VisualStudioVersion = 16.0.30804.86
MinimumVisualStudioVersion = 10.0.40219.1
Project("{FAE04EC0-301F-11D3-BF4B-00C04F79EFBC}") = "WebAdvert.Web", "WebAdvert.Web.csproj", "{17E68616-E670-46E8-A5C2-186C0EF1428B}"
EndProject
Global
	GlobalSection(SolutionConfigurationPlatforms) = preSolution
		Debug|Any CPU = Debug|Any CPU
		Release|Any CPU = Release|Any CPU
	EndGlobalSection
	GlobalSection(ProjectConfigurationPlatforms) = postSolution
		{17E68616-E670-46E8-A5C2-186C0EF1428B}.Debug|Any CPU.ActiveCfg = Debug|Any CPU
		{17E68616-E670-46E8-A5C2-186C0EF1428B}.Debug|Any CPU.Build.0 = Debug|Any CPU
		{17E68616-E670-46E8-A5C2-186C0EF1428B}.Release|Any CPU.ActiveCfg = Release|Any CPU
		{17E68616-E670-46E8-A5C2-186C0EF1428B}.Release|Any CPU.Build.0 = Release|Any CPU
	EndGlobalSection
	GlobalSection(SolutionProperties) = preSolution
		HideSolutionNode = FALSE
	EndGlobalSection
	GlobalSection(ExtensibilityGlobals) = postSolution
		SolutionGuid = {8E077E87-22A5-42F9-AD70-6B7060F87A81}
	EndGlobalSection
EndGlobal
